// !$*UTF8*$!
{
	archiveVersion = 1;
	classes = {
	};
	objectVersion = 46;
	objects = {

/* Begin PBXBuildFile section */
		371216E01A25A97A00D50217 /* bitstream.c in Sources */ = {isa = PBXBuildFile; fileRef = 371216BA1A25A97A00D50217 /* bitstream.c */; };
		371216E11A25A97A00D50217 /* mask.c in Sources */ = {isa = PBXBuildFile; fileRef = 371216BC1A25A97A00D50217 /* mask.c */; };
		371216E21A25A97A00D50217 /* QRCodeGenerator.m in Sources */ = {isa = PBXBuildFile; fileRef = 371216BF1A25A97A00D50217 /* QRCodeGenerator.m */; };
		371216E31A25A97A00D50217 /* qrencode.c in Sources */ = {isa = PBXBuildFile; fileRef = 371216C01A25A97A00D50217 /* qrencode.c */; };
		371216E41A25A97A00D50217 /* qrinput.c in Sources */ = {isa = PBXBuildFile; fileRef = 371216C21A25A97A00D50217 /* qrinput.c */; };
		371216E51A25A97A00D50217 /* qrspec.c in Sources */ = {isa = PBXBuildFile; fileRef = 371216C41A25A97A00D50217 /* qrspec.c */; };
		371216E61A25A97A00D50217 /* rscode.c in Sources */ = {isa = PBXBuildFile; fileRef = 371216C61A25A97A00D50217 /* rscode.c */; };
		371216E71A25A97A00D50217 /* split.c in Sources */ = {isa = PBXBuildFile; fileRef = 371216C81A25A97A00D50217 /* split.c */; };
		371216E81A25A97A00D50217 /* libzbar.a in Frameworks */ = {isa = PBXBuildFile; fileRef = 371216CA1A25A97A00D50217 /* libzbar.a */; };
		371216E91A25A97A00D50217 /* zbar-back.png in Resources */ = {isa = PBXBuildFile; fileRef = 371216CC1A25A97A00D50217 /* zbar-back.png */; };
		371216EA1A25A97A00D50217 /* zbar-help.html in Resources */ = {isa = PBXBuildFile; fileRef = 371216CD1A25A97A00D50217 /* zbar-help.html */; };
		371216EB1A25A97A00D50217 /* zbar-helpicons.png in Resources */ = {isa = PBXBuildFile; fileRef = 371216CE1A25A97A00D50217 /* zbar-helpicons.png */; };
		371216EC1A25A97A00D50217 /* zbar-samples.png in Resources */ = {isa = PBXBuildFile; fileRef = 371216CF1A25A97A00D50217 /* zbar-samples.png */; };
		371216ED1A25A97A00D50217 /* qrcode_scan_bar@2x.png in Resources */ = {isa = PBXBuildFile; fileRef = 371216D11A25A97A00D50217 /* qrcode_scan_bar@2x.png */; };
		371216EF1A25A97A00D50217 /* qrcode_scan_bg_Green_iphone5@2x.png in Resources */ = {isa = PBXBuildFile; fileRef = 371216D31A25A97A00D50217 /* qrcode_scan_bg_Green_iphone5@2x.png */; };
		371216F01A25A97A00D50217 /* qrcode_scan_btn_flash_down@2x.png in Resources */ = {isa = PBXBuildFile; fileRef = 371216D41A25A97A00D50217 /* qrcode_scan_btn_flash_down@2x.png */; };
		371216F11A25A97A00D50217 /* qrcode_scan_btn_flash_nor@2x.png in Resources */ = {isa = PBXBuildFile; fileRef = 371216D51A25A97A00D50217 /* qrcode_scan_btn_flash_nor@2x.png */; };
		371216F21A25A97A00D50217 /* qrcode_scan_btn_myqrcode_down@2x.png in Resources */ = {isa = PBXBuildFile; fileRef = 371216D61A25A97A00D50217 /* qrcode_scan_btn_myqrcode_down@2x.png */; };
		371216F31A25A97A00D50217 /* qrcode_scan_btn_myqrcode_nor@2x.png in Resources */ = {isa = PBXBuildFile; fileRef = 371216D71A25A97A00D50217 /* qrcode_scan_btn_myqrcode_nor@2x.png */; };
		371216F41A25A97A00D50217 /* qrcode_scan_btn_photo_down@2x.png in Resources */ = {isa = PBXBuildFile; fileRef = 371216D81A25A97A00D50217 /* qrcode_scan_btn_photo_down@2x.png */; };
		371216F51A25A97A00D50217 /* qrcode_scan_btn_photo_nor@2x.png in Resources */ = {isa = PBXBuildFile; fileRef = 371216D91A25A97A00D50217 /* qrcode_scan_btn_photo_nor@2x.png */; };
		371216F61A25A97A00D50217 /* qrcode_scan_btn_scan_off@2x.png in Resources */ = {isa = PBXBuildFile; fileRef = 371216DA1A25A97A00D50217 /* qrcode_scan_btn_scan_off@2x.png */; };
		371216F71A25A97A00D50217 /* qrcode_scan_light_green@2x.png in Resources */ = {isa = PBXBuildFile; fileRef = 371216DB1A25A97A00D50217 /* qrcode_scan_light_green@2x.png */; };
		371216F81A25A97A00D50217 /* qrcode_scan_titlebar_back_nor@2x.png in Resources */ = {isa = PBXBuildFile; fileRef = 371216DC1A25A97A00D50217 /* qrcode_scan_titlebar_back_nor@2x.png */; };
		371216F91A25A97A00D50217 /* qrcode_scan_titlebar_back_pressed@2x.png in Resources */ = {isa = PBXBuildFile; fileRef = 371216DD1A25A97A00D50217 /* qrcode_scan_titlebar_back_pressed@2x.png */; };
		371216FA1A25A97A00D50217 /* ZCZBarViewController.mm in Sources */ = {isa = PBXBuildFile; fileRef = 371216DF1A25A97A00D50217 /* ZCZBarViewController.mm */; };
		371216FE1A25AC0B00D50217 /* qrcode_scan_bg_Green@2x.png in Resources */ = {isa = PBXBuildFile; fileRef = 371216FD1A25AC0B00D50217 /* qrcode_scan_bg_Green@2x.png */; };
		37C4FCE919E6962D00A4D1B6 /* Foundation.framework in Frameworks */ = {isa = PBXBuildFile; fileRef = 37C4FCE819E6962D00A4D1B6 /* Foundation.framework */; };
		37C4FCEB19E6962D00A4D1B6 /* CoreGraphics.framework in Frameworks */ = {isa = PBXBuildFile; fileRef = 37C4FCEA19E6962D00A4D1B6 /* CoreGraphics.framework */; };
		37C4FCED19E6962D00A4D1B6 /* UIKit.framework in Frameworks */ = {isa = PBXBuildFile; fileRef = 37C4FCEC19E6962D00A4D1B6 /* UIKit.framework */; };
		37C4FCF319E6962D00A4D1B6 /* InfoPlist.strings in Resources */ = {isa = PBXBuildFile; fileRef = 37C4FCF119E6962D00A4D1B6 /* InfoPlist.strings */; };
		37C4FCF519E6962D00A4D1B6 /* main.m in Sources */ = {isa = PBXBuildFile; fileRef = 37C4FCF419E6962D00A4D1B6 /* main.m */; };
		37C4FCF919E6962D00A4D1B6 /* ZCAppDelegate.m in Sources */ = {isa = PBXBuildFile; fileRef = 37C4FCF819E6962D00A4D1B6 /* ZCAppDelegate.m */; };
		37C4FCFC19E6962D00A4D1B6 /* Main_iPhone.storyboard in Resources */ = {isa = PBXBuildFile; fileRef = 37C4FCFA19E6962D00A4D1B6 /* Main_iPhone.storyboard */; };
		37C4FCFF19E6962D00A4D1B6 /* Main_iPad.storyboard in Resources */ = {isa = PBXBuildFile; fileRef = 37C4FCFD19E6962D00A4D1B6 /* Main_iPad.storyboard */; };
		37C4FD0219E6962D00A4D1B6 /* ZCViewController.m in Sources */ = {isa = PBXBuildFile; fileRef = 37C4FD0119E6962D00A4D1B6 /* ZCViewController.m */; };
		37C4FD0419E6962D00A4D1B6 /* Images.xcassets in Resources */ = {isa = PBXBuildFile; fileRef = 37C4FD0319E6962D00A4D1B6 /* Images.xcassets */; };
		37C4FD0B19E6962D00A4D1B6 /* XCTest.framework in Frameworks */ = {isa = PBXBuildFile; fileRef = 37C4FD0A19E6962D00A4D1B6 /* XCTest.framework */; };
		37C4FD0C19E6962D00A4D1B6 /* Foundation.framework in Frameworks */ = {isa = PBXBuildFile; fileRef = 37C4FCE819E6962D00A4D1B6 /* Foundation.framework */; };
		37C4FD0D19E6962D00A4D1B6 /* UIKit.framework in Frameworks */ = {isa = PBXBuildFile; fileRef = 37C4FCEC19E6962D00A4D1B6 /* UIKit.framework */; };
		37C4FD1519E6962D00A4D1B6 /* InfoPlist.strings in Resources */ = {isa = PBXBuildFile; fileRef = 37C4FD1319E6962D00A4D1B6 /* InfoPlist.strings */; };
		37C4FD1719E6962D00A4D1B6 /* ZbarDemo20141009Tests.m in Sources */ = {isa = PBXBuildFile; fileRef = 37C4FD1619E6962D00A4D1B6 /* ZbarDemo20141009Tests.m */; };
		37C4FD7019E6970900A4D1B6 /* AVFoundation.framework in Frameworks */ = {isa = PBXBuildFile; fileRef = 37C4FD6419E6967500A4D1B6 /* AVFoundation.framework */; };
		37C4FD7119E6971E00A4D1B6 /* libiconv.dylib in Frameworks */ = {isa = PBXBuildFile; fileRef = 37C4FD6B19E696DA00A4D1B6 /* libiconv.dylib */; };
		37C4FD7219E6973100A4D1B6 /* CoreMedia.framework in Frameworks */ = {isa = PBXBuildFile; fileRef = 37C4FD6619E6967C00A4D1B6 /* CoreMedia.framework */; };
/* End PBXBuildFile section */

/* Begin PBXContainerItemProxy section */
		37C4FD0E19E6962D00A4D1B6 /* PBXContainerItemProxy */ = {
			isa = PBXContainerItemProxy;
			containerPortal = 37C4FCDD19E6962D00A4D1B6 /* Project object */;
			proxyType = 1;
			remoteGlobalIDString = 37C4FCE419E6962D00A4D1B6;
			remoteInfo = ZbarDemo20141009;
		};
/* End PBXContainerItemProxy section */

/* Begin PBXFileReference section */
		371216A51A25A97A00D50217 /* Decoder.h */ = {isa = PBXFileReference; fileEncoding = 4; lastKnownFileType = sourcecode.c.h; path = Decoder.h; sourceTree = "<group>"; };
		371216A61A25A97A00D50217 /* Exception.h */ = {isa = PBXFileReference; fileEncoding = 4; lastKnownFileType = sourcecode.c.h; path = Exception.h; sourceTree = "<group>"; };
		371216A71A25A97A00D50217 /* Image.h */ = {isa = PBXFileReference; fileEncoding = 4; lastKnownFileType = sourcecode.c.h; path = Image.h; sourceTree = "<group>"; };
		371216A81A25A97A00D50217 /* ImageScanner.h */ = {isa = PBXFileReference; fileEncoding = 4; lastKnownFileType = sourcecode.c.h; path = ImageScanner.h; sourceTree = "<group>"; };
		371216A91A25A97A00D50217 /* Processor.h */ = {isa = PBXFileReference; fileEncoding = 4; lastKnownFileType = sourcecode.c.h; path = Processor.h; sourceTree = "<group>"; };
		371216AA1A25A97A00D50217 /* Scanner.h */ = {isa = PBXFileReference; fileEncoding = 4; lastKnownFileType = sourcecode.c.h; path = Scanner.h; sourceTree = "<group>"; };
		371216AB1A25A97A00D50217 /* Symbol.h */ = {isa = PBXFileReference; fileEncoding = 4; lastKnownFileType = sourcecode.c.h; path = Symbol.h; sourceTree = "<group>"; };
		371216AC1A25A97A00D50217 /* Video.h */ = {isa = PBXFileReference; fileEncoding = 4; lastKnownFileType = sourcecode.c.h; path = Video.h; sourceTree = "<group>"; };
		371216AD1A25A97A00D50217 /* Window.h */ = {isa = PBXFileReference; fileEncoding = 4; lastKnownFileType = sourcecode.c.h; path = Window.h; sourceTree = "<group>"; };
		371216AE1A25A97A00D50217 /* zbar.h */ = {isa = PBXFileReference; fileEncoding = 4; lastKnownFileType = sourcecode.c.h; path = zbar.h; sourceTree = "<group>"; };
		371216AF1A25A97A00D50217 /* ZBarCameraSimulator.h */ = {isa = PBXFileReference; fileEncoding = 4; lastKnownFileType = sourcecode.c.h; path = ZBarCameraSimulator.h; sourceTree = "<group>"; };
		371216B01A25A97A00D50217 /* ZBarCaptureReader.h */ = {isa = PBXFileReference; fileEncoding = 4; lastKnownFileType = sourcecode.c.h; path = ZBarCaptureReader.h; sourceTree = "<group>"; };
		371216B11A25A97A00D50217 /* ZBarHelpController.h */ = {isa = PBXFileReference; fileEncoding = 4; lastKnownFileType = sourcecode.c.h; path = ZBarHelpController.h; sourceTree = "<group>"; };
		371216B21A25A97A00D50217 /* ZBarImage.h */ = {isa = PBXFileReference; fileEncoding = 4; lastKnownFileType = sourcecode.c.h; path = ZBarImage.h; sourceTree = "<group>"; };
		371216B31A25A97A00D50217 /* ZBarImageScanner.h */ = {isa = PBXFileReference; fileEncoding = 4; lastKnownFileType = sourcecode.c.h; path = ZBarImageScanner.h; sourceTree = "<group>"; };
		371216B41A25A97A00D50217 /* ZBarReaderController.h */ = {isa = PBXFileReference; fileEncoding = 4; lastKnownFileType = sourcecode.c.h; path = ZBarReaderController.h; sourceTree = "<group>"; };
		371216B51A25A97A00D50217 /* ZBarReaderView.h */ = {isa = PBXFileReference; fileEncoding = 4; lastKnownFileType = sourcecode.c.h; path = ZBarReaderView.h; sourceTree = "<group>"; };
		371216B61A25A97A00D50217 /* ZBarReaderViewController.h */ = {isa = PBXFileReference; fileEncoding = 4; lastKnownFileType = sourcecode.c.h; path = ZBarReaderViewController.h; sourceTree = "<group>"; };
		371216B71A25A97A00D50217 /* ZBarSDK.h */ = {isa = PBXFileReference; fileEncoding = 4; lastKnownFileType = sourcecode.c.h; path = ZBarSDK.h; sourceTree = "<group>"; };
		371216B81A25A97A00D50217 /* ZBarSymbol.h */ = {isa = PBXFileReference; fileEncoding = 4; lastKnownFileType = sourcecode.c.h; path = ZBarSymbol.h; sourceTree = "<group>"; };
		371216BA1A25A97A00D50217 /* bitstream.c */ = {isa = PBXFileReference; fileEncoding = 4; lastKnownFileType = sourcecode.c.c; path = bitstream.c; sourceTree = "<group>"; };
		371216BB1A25A97A00D50217 /* bitstream.h */ = {isa = PBXFileReference; fileEncoding = 4; lastKnownFileType = sourcecode.c.h; path = bitstream.h; sourceTree = "<group>"; };
		371216BC1A25A97A00D50217 /* mask.c */ = {isa = PBXFileReference; fileEncoding = 4; lastKnownFileType = sourcecode.c.c; path = mask.c; sourceTree = "<group>"; };
		371216BD1A25A97A00D50217 /* mask.h */ = {isa = PBXFileReference; fileEncoding = 4; lastKnownFileType = sourcecode.c.h; path = mask.h; sourceTree = "<group>"; };
		371216BE1A25A97A00D50217 /* QRCodeGenerator.h */ = {isa = PBXFileReference; fileEncoding = 4; lastKnownFileType = sourcecode.c.h; path = QRCodeGenerator.h; sourceTree = "<group>"; };
		371216BF1A25A97A00D50217 /* QRCodeGenerator.m */ = {isa = PBXFileReference; fileEncoding = 4; lastKnownFileType = sourcecode.c.objc; path = QRCodeGenerator.m; sourceTree = "<group>"; };
		371216C01A25A97A00D50217 /* qrencode.c */ = {isa = PBXFileReference; fileEncoding = 4; lastKnownFileType = sourcecode.c.c; path = qrencode.c; sourceTree = "<group>"; };
		371216C11A25A97A00D50217 /* qrencode.h */ = {isa = PBXFileReference; fileEncoding = 4; lastKnownFileType = sourcecode.c.h; path = qrencode.h; sourceTree = "<group>"; };
		371216C21A25A97A00D50217 /* qrinput.c */ = {isa = PBXFileReference; fileEncoding = 4; lastKnownFileType = sourcecode.c.c; path = qrinput.c; sourceTree = "<group>"; };
		371216C31A25A97A00D50217 /* qrinput.h */ = {isa = PBXFileReference; fileEncoding = 4; lastKnownFileType = sourcecode.c.h; path = qrinput.h; sourceTree = "<group>"; };
		371216C41A25A97A00D50217 /* qrspec.c */ = {isa = PBXFileReference; fileEncoding = 4; lastKnownFileType = sourcecode.c.c; path = qrspec.c; sourceTree = "<group>"; };
		371216C51A25A97A00D50217 /* qrspec.h */ = {isa = PBXFileReference; fileEncoding = 4; lastKnownFileType = sourcecode.c.h; path = qrspec.h; sourceTree = "<group>"; };
		371216C61A25A97A00D50217 /* rscode.c */ = {isa = PBXFileReference; fileEncoding = 4; lastKnownFileType = sourcecode.c.c; path = rscode.c; sourceTree = "<group>"; };
		371216C71A25A97A00D50217 /* rscode.h */ = {isa = PBXFileReference; fileEncoding = 4; lastKnownFileType = sourcecode.c.h; path = rscode.h; sourceTree = "<group>"; };
		371216C81A25A97A00D50217 /* split.c */ = {isa = PBXFileReference; fileEncoding = 4; lastKnownFileType = sourcecode.c.c; path = split.c; sourceTree = "<group>"; };
		371216C91A25A97A00D50217 /* split.h */ = {isa = PBXFileReference; fileEncoding = 4; lastKnownFileType = sourcecode.c.h; path = split.h; sourceTree = "<group>"; };
		371216CA1A25A97A00D50217 /* libzbar.a */ = {isa = PBXFileReference; lastKnownFileType = archive.ar; path = libzbar.a; sourceTree = "<group>"; };
		371216CC1A25A97A00D50217 /* zbar-back.png */ = {isa = PBXFileReference; lastKnownFileType = image.png; path = "zbar-back.png"; sourceTree = "<group>"; };
		371216CD1A25A97A00D50217 /* zbar-help.html */ = {isa = PBXFileReference; fileEncoding = 4; lastKnownFileType = text.html; path = "zbar-help.html"; sourceTree = "<group>"; };
		371216CE1A25A97A00D50217 /* zbar-helpicons.png */ = {isa = PBXFileReference; lastKnownFileType = image.png; path = "zbar-helpicons.png"; sourceTree = "<group>"; };
		371216CF1A25A97A00D50217 /* zbar-samples.png */ = {isa = PBXFileReference; lastKnownFileType = image.png; path = "zbar-samples.png"; sourceTree = "<group>"; };
		371216D11A25A97A00D50217 /* qrcode_scan_bar@2x.png */ = {isa = PBXFileReference; lastKnownFileType = image.png; path = "qrcode_scan_bar@2x.png"; sourceTree = "<group>"; };
		371216D31A25A97A00D50217 /* qrcode_scan_bg_Green_iphone5@2x.png */ = {isa = PBXFileReference; lastKnownFileType = image.png; path = "qrcode_scan_bg_Green_iphone5@2x.png"; sourceTree = "<group>"; };
		371216D41A25A97A00D50217 /* qrcode_scan_btn_flash_down@2x.png */ = {isa = PBXFileReference; lastKnownFileType = image.png; path = "qrcode_scan_btn_flash_down@2x.png"; sourceTree = "<group>"; };
		371216D51A25A97A00D50217 /* qrcode_scan_btn_flash_nor@2x.png */ = {isa = PBXFileReference; lastKnownFileType = image.png; path = "qrcode_scan_btn_flash_nor@2x.png"; sourceTree = "<group>"; };
		371216D61A25A97A00D50217 /* qrcode_scan_btn_myqrcode_down@2x.png */ = {isa = PBXFileReference; lastKnownFileType = image.png; path = "qrcode_scan_btn_myqrcode_down@2x.png"; sourceTree = "<group>"; };
		371216D71A25A97A00D50217 /* qrcode_scan_btn_myqrcode_nor@2x.png */ = {isa = PBXFileReference; lastKnownFileType = image.png; path = "qrcode_scan_btn_myqrcode_nor@2x.png"; sourceTree = "<group>"; };
		371216D81A25A97A00D50217 /* qrcode_scan_btn_photo_down@2x.png */ = {isa = PBXFileReference; lastKnownFileType = image.png; path = "qrcode_scan_btn_photo_down@2x.png"; sourceTree = "<group>"; };
		371216D91A25A97A00D50217 /* qrcode_scan_btn_photo_nor@2x.png */ = {isa = PBXFileReference; lastKnownFileType = image.png; path = "qrcode_scan_btn_photo_nor@2x.png"; sourceTree = "<group>"; };
		371216DA1A25A97A00D50217 /* qrcode_scan_btn_scan_off@2x.png */ = {isa = PBXFileReference; lastKnownFileType = image.png; path = "qrcode_scan_btn_scan_off@2x.png"; sourceTree = "<group>"; };
		371216DB1A25A97A00D50217 /* qrcode_scan_light_green@2x.png */ = {isa = PBXFileReference; lastKnownFileType = image.png; path = "qrcode_scan_light_green@2x.png"; sourceTree = "<group>"; };
		371216DC1A25A97A00D50217 /* qrcode_scan_titlebar_back_nor@2x.png */ = {isa = PBXFileReference; lastKnownFileType = image.png; path = "qrcode_scan_titlebar_back_nor@2x.png"; sourceTree = "<group>"; };
		371216DD1A25A97A00D50217 /* qrcode_scan_titlebar_back_pressed@2x.png */ = {isa = PBXFileReference; lastKnownFileType = image.png; path = "qrcode_scan_titlebar_back_pressed@2x.png"; sourceTree = "<group>"; };
		371216DE1A25A97A00D50217 /* ZCZBarViewController.h */ = {isa = PBXFileReference; fileEncoding = 4; lastKnownFileType = sourcecode.c.h; path = ZCZBarViewController.h; sourceTree = "<group>"; };
		371216DF1A25A97A00D50217 /* ZCZBarViewController.mm */ = {isa = PBXFileReference; fileEncoding = 4; lastKnownFileType = sourcecode.cpp.objcpp; path = ZCZBarViewController.mm; sourceTree = "<group>"; };
		371216FD1A25AC0B00D50217 /* qrcode_scan_bg_Green@2x.png */ = {isa = PBXFileReference; lastKnownFileType = image.png; path = "qrcode_scan_bg_Green@2x.png"; sourceTree = "<group>"; };
		37C4FCE519E6962D00A4D1B6 /* ZbarDemo20141009.app */ = {isa = PBXFileReference; explicitFileType = wrapper.application; includeInIndex = 0; path = ZbarDemo20141009.app; sourceTree = BUILT_PRODUCTS_DIR; };
		37C4FCE819E6962D00A4D1B6 /* Foundation.framework */ = {isa = PBXFileReference; lastKnownFileType = wrapper.framework; name = Foundation.framework; path = System/Library/Frameworks/Foundation.framework; sourceTree = SDKROOT; };
		37C4FCEA19E6962D00A4D1B6 /* CoreGraphics.framework */ = {isa = PBXFileReference; lastKnownFileType = wrapper.framework; name = CoreGraphics.framework; path = System/Library/Frameworks/CoreGraphics.framework; sourceTree = SDKROOT; };
		37C4FCEC19E6962D00A4D1B6 /* UIKit.framework */ = {isa = PBXFileReference; lastKnownFileType = wrapper.framework; name = UIKit.framework; path = System/Library/Frameworks/UIKit.framework; sourceTree = SDKROOT; };
		37C4FCF019E6962D00A4D1B6 /* ZbarDemo20141009-Info.plist */ = {isa = PBXFileReference; lastKnownFileType = text.plist.xml; path = "ZbarDemo20141009-Info.plist"; sourceTree = "<group>"; };
		37C4FCF219E6962D00A4D1B6 /* en */ = {isa = PBXFileReference; lastKnownFileType = text.plist.strings; name = en; path = en.lproj/InfoPlist.strings; sourceTree = "<group>"; };
		37C4FCF419E6962D00A4D1B6 /* main.m */ = {isa = PBXFileReference; lastKnownFileType = sourcecode.c.objc; path = main.m; sourceTree = "<group>"; };
		37C4FCF619E6962D00A4D1B6 /* ZbarDemo20141009-Prefix.pch */ = {isa = PBXFileReference; lastKnownFileType = sourcecode.c.h; path = "ZbarDemo20141009-Prefix.pch"; sourceTree = "<group>"; };
		37C4FCF719E6962D00A4D1B6 /* ZCAppDelegate.h */ = {isa = PBXFileReference; lastKnownFileType = sourcecode.c.h; path = ZCAppDelegate.h; sourceTree = "<group>"; };
		37C4FCF819E6962D00A4D1B6 /* ZCAppDelegate.m */ = {isa = PBXFileReference; lastKnownFileType = sourcecode.c.objc; path = ZCAppDelegate.m; sourceTree = "<group>"; };
		37C4FCFB19E6962D00A4D1B6 /* Base */ = {isa = PBXFileReference; lastKnownFileType = file.storyboard; name = Base; path = Base.lproj/Main_iPhone.storyboard; sourceTree = "<group>"; };
		37C4FCFE19E6962D00A4D1B6 /* Base */ = {isa = PBXFileReference; lastKnownFileType = file.storyboard; name = Base; path = Base.lproj/Main_iPad.storyboard; sourceTree = "<group>"; };
		37C4FD0019E6962D00A4D1B6 /* ZCViewController.h */ = {isa = PBXFileReference; lastKnownFileType = sourcecode.c.h; path = ZCViewController.h; sourceTree = "<group>"; };
		37C4FD0119E6962D00A4D1B6 /* ZCViewController.m */ = {isa = PBXFileReference; lastKnownFileType = sourcecode.c.objc; path = ZCViewController.m; sourceTree = "<group>"; };
		37C4FD0319E6962D00A4D1B6 /* Images.xcassets */ = {isa = PBXFileReference; lastKnownFileType = folder.assetcatalog; path = Images.xcassets; sourceTree = "<group>"; };
		37C4FD0919E6962D00A4D1B6 /* ZbarDemo20141009Tests.xctest */ = {isa = PBXFileReference; explicitFileType = wrapper.cfbundle; includeInIndex = 0; path = ZbarDemo20141009Tests.xctest; sourceTree = BUILT_PRODUCTS_DIR; };
		37C4FD0A19E6962D00A4D1B6 /* XCTest.framework */ = {isa = PBXFileReference; lastKnownFileType = wrapper.framework; name = XCTest.framework; path = Library/Frameworks/XCTest.framework; sourceTree = DEVELOPER_DIR; };
		37C4FD1219E6962D00A4D1B6 /* ZbarDemo20141009Tests-Info.plist */ = {isa = PBXFileReference; lastKnownFileType = text.plist.xml; path = "ZbarDemo20141009Tests-Info.plist"; sourceTree = "<group>"; };
		37C4FD1419E6962D00A4D1B6 /* en */ = {isa = PBXFileReference; lastKnownFileType = text.plist.strings; name = en; path = en.lproj/InfoPlist.strings; sourceTree = "<group>"; };
		37C4FD1619E6962D00A4D1B6 /* ZbarDemo20141009Tests.m */ = {isa = PBXFileReference; lastKnownFileType = sourcecode.c.objc; path = ZbarDemo20141009Tests.m; sourceTree = "<group>"; };
		37C4FD6419E6967500A4D1B6 /* AVFoundation.framework */ = {isa = PBXFileReference; lastKnownFileType = wrapper.framework; name = AVFoundation.framework; path = System/Library/Frameworks/AVFoundation.framework; sourceTree = SDKROOT; };
		37C4FD6619E6967C00A4D1B6 /* CoreMedia.framework */ = {isa = PBXFileReference; lastKnownFileType = wrapper.framework; name = CoreMedia.framework; path = System/Library/Frameworks/CoreMedia.framework; sourceTree = SDKROOT; };
		37C4FD6819E6968200A4D1B6 /* CoreVideo.framework */ = {isa = PBXFileReference; lastKnownFileType = wrapper.framework; name = CoreVideo.framework; path = System/Library/Frameworks/CoreVideo.framework; sourceTree = SDKROOT; };
		37C4FD6B19E696DA00A4D1B6 /* libiconv.dylib */ = {isa = PBXFileReference; lastKnownFileType = "compiled.mach-o.dylib"; name = libiconv.dylib; path = usr/lib/libiconv.dylib; sourceTree = SDKROOT; };
		37C4FD6D19E696ED00A4D1B6 /* QuartzCore.framework */ = {isa = PBXFileReference; lastKnownFileType = wrapper.framework; name = QuartzCore.framework; path = System/Library/Frameworks/QuartzCore.framework; sourceTree = SDKROOT; };
/* End PBXFileReference section */

/* Begin PBXFrameworksBuildPhase section */
		37C4FCE219E6962D00A4D1B6 /* Frameworks */ = {
			isa = PBXFrameworksBuildPhase;
			buildActionMask = 2147483647;
			files = (
				37C4FD7219E6973100A4D1B6 /* CoreMedia.framework in Frameworks */,
				37C4FD7119E6971E00A4D1B6 /* libiconv.dylib in Frameworks */,
				371216E81A25A97A00D50217 /* libzbar.a in Frameworks */,
				37C4FD7019E6970900A4D1B6 /* AVFoundation.framework in Frameworks */,
				37C4FCEB19E6962D00A4D1B6 /* CoreGraphics.framework in Frameworks */,
				37C4FCED19E6962D00A4D1B6 /* UIKit.framework in Frameworks */,
				37C4FCE919E6962D00A4D1B6 /* Foundation.framework in Frameworks */,
			);
			runOnlyForDeploymentPostprocessing = 0;
		};
		37C4FD0619E6962D00A4D1B6 /* Frameworks */ = {
			isa = PBXFrameworksBuildPhase;
			buildActionMask = 2147483647;
			files = (
				37C4FD0B19E6962D00A4D1B6 /* XCTest.framework in Frameworks */,
				37C4FD0D19E6962D00A4D1B6 /* UIKit.framework in Frameworks */,
				37C4FD0C19E6962D00A4D1B6 /* Foundation.framework in Frameworks */,
			);
			runOnlyForDeploymentPostprocessing = 0;
		};
/* End PBXFrameworksBuildPhase section */

/* Begin PBXGroup section */
		371216A11A25A97A00D50217 /* ZBarSDK */ = {
			isa = PBXGroup;
			children = (
				371216A21A25A97A00D50217 /* Headers */,
				371216B91A25A97A00D50217 /* libqrencode */,
				371216CA1A25A97A00D50217 /* libzbar.a */,
				371216CB1A25A97A00D50217 /* Resources */,
				371216DE1A25A97A00D50217 /* ZCZBarViewController.h */,
				371216DF1A25A97A00D50217 /* ZCZBarViewController.mm */,
			);
			path = ZBarSDK;
			sourceTree = "<group>";
		};
		371216A21A25A97A00D50217 /* Headers */ = {
			isa = PBXGroup;
			children = (
				371216A31A25A97A00D50217 /* ZBarSDK */,
			);
			path = Headers;
			sourceTree = "<group>";
		};
		371216A31A25A97A00D50217 /* ZBarSDK */ = {
			isa = PBXGroup;
			children = (
				371216A41A25A97A00D50217 /* zbar */,
				371216AE1A25A97A00D50217 /* zbar.h */,
				371216AF1A25A97A00D50217 /* ZBarCameraSimulator.h */,
				371216B01A25A97A00D50217 /* ZBarCaptureReader.h */,
				371216B11A25A97A00D50217 /* ZBarHelpController.h */,
				371216B21A25A97A00D50217 /* ZBarImage.h */,
				371216B31A25A97A00D50217 /* ZBarImageScanner.h */,
				371216B41A25A97A00D50217 /* ZBarReaderController.h */,
				371216B51A25A97A00D50217 /* ZBarReaderView.h */,
				371216B61A25A97A00D50217 /* ZBarReaderViewController.h */,
				371216B71A25A97A00D50217 /* ZBarSDK.h */,
				371216B81A25A97A00D50217 /* ZBarSymbol.h */,
			);
			path = ZBarSDK;
			sourceTree = "<group>";
		};
		371216A41A25A97A00D50217 /* zbar */ = {
			isa = PBXGroup;
			children = (
				371216A51A25A97A00D50217 /* Decoder.h */,
				371216A61A25A97A00D50217 /* Exception.h */,
				371216A71A25A97A00D50217 /* Image.h */,
				371216A81A25A97A00D50217 /* ImageScanner.h */,
				371216A91A25A97A00D50217 /* Processor.h */,
				371216AA1A25A97A00D50217 /* Scanner.h */,
				371216AB1A25A97A00D50217 /* Symbol.h */,
				371216AC1A25A97A00D50217 /* Video.h */,
				371216AD1A25A97A00D50217 /* Window.h */,
			);
			path = zbar;
			sourceTree = "<group>";
		};
		371216B91A25A97A00D50217 /* libqrencode */ = {
			isa = PBXGroup;
			children = (
				371216BA1A25A97A00D50217 /* bitstream.c */,
				371216BB1A25A97A00D50217 /* bitstream.h */,
				371216BC1A25A97A00D50217 /* mask.c */,
				371216BD1A25A97A00D50217 /* mask.h */,
				371216BE1A25A97A00D50217 /* QRCodeGenerator.h */,
				371216BF1A25A97A00D50217 /* QRCodeGenerator.m */,
				371216C01A25A97A00D50217 /* qrencode.c */,
				371216C11A25A97A00D50217 /* qrencode.h */,
				371216C21A25A97A00D50217 /* qrinput.c */,
				371216C31A25A97A00D50217 /* qrinput.h */,
				371216C41A25A97A00D50217 /* qrspec.c */,
				371216C51A25A97A00D50217 /* qrspec.h */,
				371216C61A25A97A00D50217 /* rscode.c */,
				371216C71A25A97A00D50217 /* rscode.h */,
				371216C81A25A97A00D50217 /* split.c */,
				371216C91A25A97A00D50217 /* split.h */,
			);
			path = libqrencode;
			sourceTree = "<group>";
		};
		371216CB1A25A97A00D50217 /* Resources */ = {
			isa = PBXGroup;
			children = (
				371216CC1A25A97A00D50217 /* zbar-back.png */,
				371216CD1A25A97A00D50217 /* zbar-help.html */,
				371216CE1A25A97A00D50217 /* zbar-helpicons.png */,
				371216CF1A25A97A00D50217 /* zbar-samples.png */,
				371216D01A25A97A00D50217 /* ZbarImage */,
			);
			path = Resources;
			sourceTree = "<group>";
		};
		371216D01A25A97A00D50217 /* ZbarImage */ = {
			isa = PBXGroup;
			children = (
				371216FD1A25AC0B00D50217 /* qrcode_scan_bg_Green@2x.png */,
				371216D11A25A97A00D50217 /* qrcode_scan_bar@2x.png */,
				371216D31A25A97A00D50217 /* qrcode_scan_bg_Green_iphone5@2x.png */,
				371216D41A25A97A00D50217 /* qrcode_scan_btn_flash_down@2x.png */,
				371216D51A25A97A00D50217 /* qrcode_scan_btn_flash_nor@2x.png */,
				371216D61A25A97A00D50217 /* qrcode_scan_btn_myqrcode_down@2x.png */,
				371216D71A25A97A00D50217 /* qrcode_scan_btn_myqrcode_nor@2x.png */,
				371216D81A25A97A00D50217 /* qrcode_scan_btn_photo_down@2x.png */,
				371216D91A25A97A00D50217 /* qrcode_scan_btn_photo_nor@2x.png */,
				371216DA1A25A97A00D50217 /* qrcode_scan_btn_scan_off@2x.png */,
				371216DB1A25A97A00D50217 /* qrcode_scan_light_green@2x.png */,
				371216DC1A25A97A00D50217 /* qrcode_scan_titlebar_back_nor@2x.png */,
				371216DD1A25A97A00D50217 /* qrcode_scan_titlebar_back_pressed@2x.png */,
			);
			path = ZbarImage;
			sourceTree = "<group>";
		};
		37C4FCDC19E6962D00A4D1B6 = {
			isa = PBXGroup;
			children = (
				37C4FCEE19E6962D00A4D1B6 /* ZbarDemo20141009 */,
				37C4FD1019E6962D00A4D1B6 /* ZbarDemo20141009Tests */,
				37C4FCE719E6962D00A4D1B6 /* Frameworks */,
				37C4FCE619E6962D00A4D1B6 /* Products */,
			);
			sourceTree = "<group>";
		};
		37C4FCE619E6962D00A4D1B6 /* Products */ = {
			isa = PBXGroup;
			children = (
				37C4FCE519E6962D00A4D1B6 /* ZbarDemo20141009.app */,
				37C4FD0919E6962D00A4D1B6 /* ZbarDemo20141009Tests.xctest */,
			);
			name = Products;
			sourceTree = "<group>";
		};
		37C4FCE719E6962D00A4D1B6 /* Frameworks */ = {
			isa = PBXGroup;
			children = (
				37C4FD6D19E696ED00A4D1B6 /* QuartzCore.framework */,
				37C4FD6B19E696DA00A4D1B6 /* libiconv.dylib */,
				37C4FD6819E6968200A4D1B6 /* CoreVideo.framework */,
				37C4FD6619E6967C00A4D1B6 /* CoreMedia.framework */,
				37C4FD6419E6967500A4D1B6 /* AVFoundation.framework */,
				37C4FCE819E6962D00A4D1B6 /* Foundation.framework */,
				37C4FCEA19E6962D00A4D1B6 /* CoreGraphics.framework */,
				37C4FCEC19E6962D00A4D1B6 /* UIKit.framework */,
				37C4FD0A19E6962D00A4D1B6 /* XCTest.framework */,
			);
			name = Frameworks;
			sourceTree = "<group>";
		};
		37C4FCEE19E6962D00A4D1B6 /* ZbarDemo20141009 */ = {
			isa = PBXGroup;
			children = (
				371216A11A25A97A00D50217 /* ZBarSDK */,
				37C4FCF719E6962D00A4D1B6 /* ZCAppDelegate.h */,
				37C4FCF819E6962D00A4D1B6 /* ZCAppDelegate.m */,
				37C4FCFA19E6962D00A4D1B6 /* Main_iPhone.storyboard */,
				37C4FCFD19E6962D00A4D1B6 /* Main_iPad.storyboard */,
				37C4FD0019E6962D00A4D1B6 /* ZCViewController.h */,
				37C4FD0119E6962D00A4D1B6 /* ZCViewController.m */,
				37C4FD0319E6962D00A4D1B6 /* Images.xcassets */,
				37C4FCEF19E6962D00A4D1B6 /* Supporting Files */,
			);
			path = ZbarDemo20141009;
			sourceTree = "<group>";
		};
		37C4FCEF19E6962D00A4D1B6 /* Supporting Files */ = {
			isa = PBXGroup;
			children = (
				37C4FCF019E6962D00A4D1B6 /* ZbarDemo20141009-Info.plist */,
				37C4FCF119E6962D00A4D1B6 /* InfoPlist.strings */,
				37C4FCF419E6962D00A4D1B6 /* main.m */,
				37C4FCF619E6962D00A4D1B6 /* ZbarDemo20141009-Prefix.pch */,
			);
			name = "Supporting Files";
			sourceTree = "<group>";
		};
		37C4FD1019E6962D00A4D1B6 /* ZbarDemo20141009Tests */ = {
			isa = PBXGroup;
			children = (
				37C4FD1619E6962D00A4D1B6 /* ZbarDemo20141009Tests.m */,
				37C4FD1119E6962D00A4D1B6 /* Supporting Files */,
			);
			path = ZbarDemo20141009Tests;
			sourceTree = "<group>";
		};
		37C4FD1119E6962D00A4D1B6 /* Supporting Files */ = {
			isa = PBXGroup;
			children = (
				37C4FD1219E6962D00A4D1B6 /* ZbarDemo20141009Tests-Info.plist */,
				37C4FD1319E6962D00A4D1B6 /* InfoPlist.strings */,
			);
			name = "Supporting Files";
			sourceTree = "<group>";
		};
/* End PBXGroup section */

/* Begin PBXNativeTarget section */
		37C4FCE419E6962D00A4D1B6 /* ZbarDemo20141009 */ = {
			isa = PBXNativeTarget;
			buildConfigurationList = 37C4FD1A19E6962D00A4D1B6 /* Build configuration list for PBXNativeTarget "ZbarDemo20141009" */;
			buildPhases = (
				37C4FCE119E6962D00A4D1B6 /* Sources */,
				37C4FCE219E6962D00A4D1B6 /* Frameworks */,
				37C4FCE319E6962D00A4D1B6 /* Resources */,
			);
			buildRules = (
			);
			dependencies = (
			);
			name = ZbarDemo20141009;
			productName = ZbarDemo20141009;
			productReference = 37C4FCE519E6962D00A4D1B6 /* ZbarDemo20141009.app */;
			productType = "com.apple.product-type.application";
		};
		37C4FD0819E6962D00A4D1B6 /* ZbarDemo20141009Tests */ = {
			isa = PBXNativeTarget;
			buildConfigurationList = 37C4FD1D19E6962D00A4D1B6 /* Build configuration list for PBXNativeTarget "ZbarDemo20141009Tests" */;
			buildPhases = (
				37C4FD0519E6962D00A4D1B6 /* Sources */,
				37C4FD0619E6962D00A4D1B6 /* Frameworks */,
				37C4FD0719E6962D00A4D1B6 /* Resources */,
			);
			buildRules = (
			);
			dependencies = (
				37C4FD0F19E6962D00A4D1B6 /* PBXTargetDependency */,
			);
			name = ZbarDemo20141009Tests;
			productName = ZbarDemo20141009Tests;
			productReference = 37C4FD0919E6962D00A4D1B6 /* ZbarDemo20141009Tests.xctest */;
			productType = "com.apple.product-type.bundle.unit-test";
		};
/* End PBXNativeTarget section */

/* Begin PBXProject section */
		37C4FCDD19E6962D00A4D1B6 /* Project object */ = {
			isa = PBXProject;
			attributes = {
				CLASSPREFIX = ZC;
				LastUpgradeCheck = 0510;
				ORGANIZATIONNAME = zhangcheng;
				TargetAttributes = {
					37C4FCE419E6962D00A4D1B6 = {
						DevelopmentTeam = YM8K42SL97;
					};
					37C4FD0819E6962D00A4D1B6 = {
						TestTargetID = 37C4FCE419E6962D00A4D1B6;
					};
				};
			};
			buildConfigurationList = 37C4FCE019E6962D00A4D1B6 /* Build configuration list for PBXProject "ZbarDemo20141009" */;
			compatibilityVersion = "Xcode 3.2";
			developmentRegion = English;
			hasScannedForEncodings = 0;
			knownRegions = (
				en,
				Base,
			);
			mainGroup = 37C4FCDC19E6962D00A4D1B6;
			productRefGroup = 37C4FCE619E6962D00A4D1B6 /* Products */;
			projectDirPath = "";
			projectRoot = "";
			targets = (
				37C4FCE419E6962D00A4D1B6 /* ZbarDemo20141009 */,
				37C4FD0819E6962D00A4D1B6 /* ZbarDemo20141009Tests */,
			);
		};
/* End PBXProject section */

/* Begin PBXResourcesBuildPhase section */
		37C4FCE319E6962D00A4D1B6 /* Resources */ = {
			isa = PBXResourcesBuildPhase;
			buildActionMask = 2147483647;
			files = (
				37C4FCFF19E6962D00A4D1B6 /* Main_iPad.storyboard in Resources */,
				37C4FD0419E6962D00A4D1B6 /* Images.xcassets in Resources */,
				37C4FCFC19E6962D00A4D1B6 /* Main_iPhone.storyboard in Resources */,
				371216F21A25A97A00D50217 /* qrcode_scan_btn_myqrcode_down@2x.png in Resources */,
				371216EF1A25A97A00D50217 /* qrcode_scan_bg_Green_iphone5@2x.png in Resources */,
				371216F01A25A97A00D50217 /* qrcode_scan_btn_flash_down@2x.png in Resources */,
				371216ED1A25A97A00D50217 /* qrcode_scan_bar@2x.png in Resources */,
				371216F11A25A97A00D50217 /* qrcode_scan_btn_flash_nor@2x.png in Resources */,
				371216F41A25A97A00D50217 /* qrcode_scan_btn_photo_down@2x.png in Resources */,
				371216F31A25A97A00D50217 /* qrcode_scan_btn_myqrcode_nor@2x.png in Resources */,
				371216F61A25A97A00D50217 /* qrcode_scan_btn_scan_off@2x.png in Resources */,
				37C4FCF319E6962D00A4D1B6 /* InfoPlist.strings in Resources */,
				371216EC1A25A97A00D50217 /* zbar-samples.png in Resources */,
				371216EA1A25A97A00D50217 /* zbar-help.html in Resources */,
				371216F81A25A97A00D50217 /* qrcode_scan_titlebar_back_nor@2x.png in Resources */,
				371216F91A25A97A00D50217 /* qrcode_scan_titlebar_back_pressed@2x.png in Resources */,
				371216FE1A25AC0B00D50217 /* qrcode_scan_bg_Green@2x.png in Resources */,
				371216F51A25A97A00D50217 /* qrcode_scan_btn_photo_nor@2x.png in Resources */,
				371216F71A25A97A00D50217 /* qrcode_scan_light_green@2x.png in Resources */,
				371216E91A25A97A00D50217 /* zbar-back.png in Resources */,
				371216EB1A25A97A00D50217 /* zbar-helpicons.png in Resources */,
			);
			runOnlyForDeploymentPostprocessing = 0;
		};
		37C4FD0719E6962D00A4D1B6 /* Resources */ = {
			isa = PBXResourcesBuildPhase;
			buildActionMask = 2147483647;
			files = (
				37C4FD1519E6962D00A4D1B6 /* InfoPlist.strings in Resources */,
			);
			runOnlyForDeploymentPostprocessing = 0;
		};
/* End PBXResourcesBuildPhase section */

/* Begin PBXSourcesBuildPhase section */
		37C4FCE119E6962D00A4D1B6 /* Sources */ = {
			isa = PBXSourcesBuildPhase;
			buildActionMask = 2147483647;
			files = (
				371216E11A25A97A00D50217 /* mask.c in Sources */,
				371216E51A25A97A00D50217 /* qrspec.c in Sources */,
				37C4FD0219E6962D00A4D1B6 /* ZCViewController.m in Sources */,
				371216E61A25A97A00D50217 /* rscode.c in Sources */,
				37C4FCF519E6962D00A4D1B6 /* main.m in Sources */,
				37C4FCF919E6962D00A4D1B6 /* ZCAppDelegate.m in Sources */,
				371216E31A25A97A00D50217 /* qrencode.c in Sources */,
				371216E41A25A97A00D50217 /* qrinput.c in Sources */,
				371216E71A25A97A00D50217 /* split.c in Sources */,
				371216E01A25A97A00D50217 /* bitstream.c in Sources */,
				371216FA1A25A97A00D50217 /* ZCZBarViewController.mm in Sources */,
				371216E21A25A97A00D50217 /* QRCodeGenerator.m in Sources */,
			);
			runOnlyForDeploymentPostprocessing = 0;
		};
		37C4FD0519E6962D00A4D1B6 /* Sources */ = {
			isa = PBXSourcesBuildPhase;
			buildActionMask = 2147483647;
			files = (
				37C4FD1719E6962D00A4D1B6 /* ZbarDemo20141009Tests.m in Sources */,
			);
			runOnlyForDeploymentPostprocessing = 0;
		};
/* End PBXSourcesBuildPhase section */

/* Begin PBXTargetDependency section */
		37C4FD0F19E6962D00A4D1B6 /* PBXTargetDependency */ = {
			isa = PBXTargetDependency;
			target = 37C4FCE419E6962D00A4D1B6 /* ZbarDemo20141009 */;
			targetProxy = 37C4FD0E19E6962D00A4D1B6 /* PBXContainerItemProxy */;
		};
/* End PBXTargetDependency section */

/* Begin PBXVariantGroup section */
		37C4FCF119E6962D00A4D1B6 /* InfoPlist.strings */ = {
			isa = PBXVariantGroup;
			children = (
				37C4FCF219E6962D00A4D1B6 /* en */,
			);
			name = InfoPlist.strings;
			sourceTree = "<group>";
		};
		37C4FCFA19E6962D00A4D1B6 /* Main_iPhone.storyboard */ = {
			isa = PBXVariantGroup;
			children = (
				37C4FCFB19E6962D00A4D1B6 /* Base */,
			);
			name = Main_iPhone.storyboard;
			sourceTree = "<group>";
		};
		37C4FCFD19E6962D00A4D1B6 /* Main_iPad.storyboard */ = {
			isa = PBXVariantGroup;
			children = (
				37C4FCFE19E6962D00A4D1B6 /* Base */,
			);
			name = Main_iPad.storyboard;
			sourceTree = "<group>";
		};
		37C4FD1319E6962D00A4D1B6 /* InfoPlist.strings */ = {
			isa = PBXVariantGroup;
			children = (
				37C4FD1419E6962D00A4D1B6 /* en */,
			);
			name = InfoPlist.strings;
			sourceTree = "<group>";
		};
/* End PBXVariantGroup section */

/* Begin XCBuildConfiguration section */
		37C4FD1819E6962D00A4D1B6 /* Debug */ = {
			isa = XCBuildConfiguration;
			buildSettings = {
				ALWAYS_SEARCH_USER_PATHS = NO;
				CLANG_CXX_LANGUAGE_STANDARD = "gnu++0x";
				CLANG_CXX_LIBRARY = "libc++";
				CLANG_ENABLE_MODULES = YES;
				CLANG_ENABLE_OBJC_ARC = YES;
				CLANG_WARN_BOOL_CONVERSION = YES;
				CLANG_WARN_CONSTANT_CONVERSION = YES;
				CLANG_WARN_DIRECT_OBJC_ISA_USAGE = YES_ERROR;
				CLANG_WARN_EMPTY_BODY = YES;
				CLANG_WARN_ENUM_CONVERSION = YES;
				CLANG_WARN_INT_CONVERSION = YES;
				CLANG_WARN_OBJC_ROOT_CLASS = YES_ERROR;
				CLANG_WARN__DUPLICATE_METHOD_MATCH = YES;
				"CODE_SIGN_IDENTITY[sdk=iphoneos*]" = "iPhone Developer";
				COPY_PHASE_STRIP = NO;
				GCC_C_LANGUAGE_STANDARD = gnu99;
				GCC_DYNAMIC_NO_PIC = NO;
				GCC_OPTIMIZATION_LEVEL = 0;
				GCC_PREPROCESSOR_DEFINITIONS = (
					"DEBUG=1",
					"$(inherited)",
				);
				GCC_SYMBOLS_PRIVATE_EXTERN = NO;
				GCC_WARN_64_TO_32_BIT_CONVERSION = YES;
				GCC_WARN_ABOUT_RETURN_TYPE = YES_ERROR;
				GCC_WARN_UNDECLARED_SELECTOR = YES;
				GCC_WARN_UNINITIALIZED_AUTOS = YES_AGGRESSIVE;
				GCC_WARN_UNUSED_FUNCTION = YES;
				GCC_WARN_UNUSED_VARIABLE = YES;
				IPHONEOS_DEPLOYMENT_TARGET = 7.1;
				ONLY_ACTIVE_ARCH = YES;
				SDKROOT = iphoneos;
				TARGETED_DEVICE_FAMILY = "1,2";
			};
			name = Debug;
		};
		37C4FD1919E6962D00A4D1B6 /* Release */ = {
			isa = XCBuildConfiguration;
			buildSettings = {
				ALWAYS_SEARCH_USER_PATHS = NO;
				CLANG_CXX_LANGUAGE_STANDARD = "gnu++0x";
				CLANG_CXX_LIBRARY = "libc++";
				CLANG_ENABLE_MODULES = YES;
				CLANG_ENABLE_OBJC_ARC = YES;
				CLANG_WARN_BOOL_CONVERSION = YES;
				CLANG_WARN_CONSTANT_CONVERSION = YES;
				CLANG_WARN_DIRECT_OBJC_ISA_USAGE = YES_ERROR;
				CLANG_WARN_EMPTY_BODY = YES;
				CLANG_WARN_ENUM_CONVERSION = YES;
				CLANG_WARN_INT_CONVERSION = YES;
				CLANG_WARN_OBJC_ROOT_CLASS = YES_ERROR;
				CLANG_WARN__DUPLICATE_METHOD_MATCH = YES;
				"CODE_SIGN_IDENTITY[sdk=iphoneos*]" = "iPhone Developer";
				COPY_PHASE_STRIP = YES;
				ENABLE_NS_ASSERTIONS = NO;
				GCC_C_LANGUAGE_STANDARD = gnu99;
				GCC_WARN_64_TO_32_BIT_CONVERSION = YES;
				GCC_WARN_ABOUT_RETURN_TYPE = YES_ERROR;
				GCC_WARN_UNDECLARED_SELECTOR = YES;
				GCC_WARN_UNINITIALIZED_AUTOS = YES_AGGRESSIVE;
				GCC_WARN_UNUSED_FUNCTION = YES;
				GCC_WARN_UNUSED_VARIABLE = YES;
				IPHONEOS_DEPLOYMENT_TARGET = 7.1;
				SDKROOT = iphoneos;
				TARGETED_DEVICE_FAMILY = "1,2";
				VALIDATE_PRODUCT = YES;
			};
			name = Release;
		};
		37C4FD1B19E6962D00A4D1B6 /* Debug */ = {
			isa = XCBuildConfiguration;
			buildSettings = {
				ASSETCATALOG_COMPILER_APPICON_NAME = AppIcon;
				ASSETCATALOG_COMPILER_LAUNCHIMAGE_NAME = LaunchImage;
				CODE_SIGN_IDENTITY = "iPhone Developer";
				GCC_PRECOMPILE_PREFIX_HEADER = YES;
				GCC_PREFIX_HEADER = "ZbarDemo20141009/ZbarDemo20141009-Prefix.pch";
				INFOPLIST_FILE = "ZbarDemo20141009/ZbarDemo20141009-Info.plist";
				IPHONEOS_DEPLOYMENT_TARGET = 7.0;
				LIBRARY_SEARCH_PATHS = (
					"$(inherited)",
					"$(SRCROOT)/ZbarDemo20141009/ZBarSDK",
					"$(PROJECT_DIR)/ZbarDemo20141009/ZBarSDK",
				);
				ONLY_ACTIVE_ARCH = YES;
				PRODUCT_NAME = "$(TARGET_NAME)";
				VALID_ARCHS = "arm64 armv7 armv7s";
				WRAPPER_EXTENSION = app;
			};
			name = Debug;
		};
		37C4FD1C19E6962D00A4D1B6 /* Release */ = {
			isa = XCBuildConfiguration;
			buildSettings = {
				ASSETCATALOG_COMPILER_APPICON_NAME = AppIcon;
				ASSETCATALOG_COMPILER_LAUNCHIMAGE_NAME = LaunchImage;
				CODE_SIGN_IDENTITY = "iPhone Developer";
				GCC_PRECOMPILE_PREFIX_HEADER = YES;
				GCC_PREFIX_HEADER = "ZbarDemo20141009/ZbarDemo20141009-Prefix.pch";
				INFOPLIST_FILE = "ZbarDemo20141009/ZbarDemo20141009-Info.plist";
				IPHONEOS_DEPLOYMENT_TARGET = 7.0;
				LIBRARY_SEARCH_PATHS = (
					"$(inherited)",
					"$(SRCROOT)/ZbarDemo20141009/ZBarSDK",
					"$(PROJECT_DIR)/ZbarDemo20141009/ZBarSDK",
				);
				ONLY_ACTIVE_ARCH = YES;
				PRODUCT_NAME = "$(TARGET_NAME)";
				VALID_ARCHS = "arm64 armv7 armv7s";
				WRAPPER_EXTENSION = app;
			};
			name = Release;
		};
		37C4FD1E19E6962D00A4D1B6 /* Debug */ = {
			isa = XCBuildConfiguration;
			buildSettings = {
				BUNDLE_LOADER = "$(BUILT_PRODUCTS_DIR)/ZbarDemo20141009.app/ZbarDemo20141009";
				FRAMEWORK_SEARCH_PATHS = (
					"$(SDKROOT)/Developer/Library/Frameworks",
					"$(inherited)",
					"$(DEVELOPER_FRAMEWORKS_DIR)",
				);
				GCC_PRECOMPILE_PREFIX_HEADER = YES;
				GCC_PREFIX_HEADER = "ZbarDemo20141009/ZbarDemo20141009-Prefix.pch";
				GCC_PREPROCESSOR_DEFINITIONS = (
					"DEBUG=1",
					"$(inherited)",
				);
				INFOPLIST_FILE = "ZbarDemo20141009Tests/ZbarDemo20141009Tests-Info.plist";
				PRODUCT_NAME = "$(TARGET_NAME)";
				TEST_HOST = "$(BUNDLE_LOADER)";
				WRAPPER_EXTENSION = xctest;
			};
			name = Debug;
		};
		37C4FD1F19E6962D00A4D1B6 /* Release */ = {
			isa = XCBuildConfiguration;
			buildSettings = {
				BUNDLE_LOADER = "$(BUILT_PRODUCTS_DIR)/ZbarDemo20141009.app/ZbarDemo20141009";
				FRAMEWORK_SEARCH_PATHS = (
					"$(SDKROOT)/Developer/Library/Frameworks",
					"$(inherited)",
					"$(DEVELOPER_FRAMEWORKS_DIR)",
				);
				GCC_PRECOMPILE_PREFIX_HEADER = YES;
				GCC_PREFIX_HEADER = "ZbarDemo20141009/ZbarDemo20141009-Prefix.pch";
				INFOPLIST_FILE = "ZbarDemo20141009Tests/ZbarDemo20141009Tests-Info.plist";
				PRODUCT_NAME = "$(TARGET_NAME)";
				TEST_HOST = "$(BUNDLE_LOADER)";
				WRAPPER_EXTENSION = xctest;
			};
			name = Release;
		};
/* End XCBuildConfiguration section */

/* Begin XCConfigurationList section */
		37C4FCE019E6962D00A4D1B6 /* Build configuration list for PBXProject "ZbarDemo20141009" */ = {
			isa = XCConfigurationList;
			buildConfigurations = (
				37C4FD1819E6962D00A4D1B6 /* Debug */,
				37C4FD1919E6962D00A4D1B6 /* Release */,
			);
			defaultConfigurationIsVisible = 0;
			defaultConfigurationName = Release;
		};
		37C4FD1A19E6962D00A4D1B6 /* Build configuration list for PBXNativeTarget "ZbarDemo20141009" */ = {
			isa = XCConfigurationList;
			buildConfigurations = (
				37C4FD1B19E6962D00A4D1B6 /* Debug */,
				37C4FD1C19E6962D00A4D1B6 /* Release */,
			);
			defaultConfigurationIsVisible = 0;
			defaultConfigurationName = Release;
		};
		37C4FD1D19E6962D00A4D1B6 /* Build configuration list for PBXNativeTarget "ZbarDemo20141009Tests" */ = {
			isa = XCConfigurationList;
			buildConfigurations = (
				37C4FD1E19E6962D00A4D1B6 /* Debug */,
				37C4FD1F19E6962D00A4D1B6 /* Release */,
			);
			defaultConfigurationIsVisible = 0;
			defaultConfigurationName = Release;
		};
/* End XCConfigurationList section */
	};
	rootObject = 37C4FCDD19E6962D00A4D1B6 /* Project object */;
}
